
Microsoft Visual Studio Solution File, Format Version 12.00
# Visual Studio Version 17
VisualStudioVersion = 17.7.34003.232
MinimumVisualStudioVersion = 10.0.40219.1
Project("{FAE04EC0-301F-11D3-BF4B-00C04F79EFBC}") = "arrays_shepardson_bruce", "arrays_shepardson_bruce.csproj", "{82658689-BF25-429A-97C8-17F665A28A18}"
EndProject
Global
	GlobalSection(SolutionConfigurationPlatforms) = preSolution
		Debug|Any CPU = Debug|Any CPU
		Release|Any CPU = Release|Any CPU
	EndGlobalSection
	GlobalSection(ProjectConfigurationPlatforms) = postSolution
		{82658689-BF25-429A-97C8-17F665A28A18}.Debug|Any CPU.ActiveCfg = Debug|Any CPU
		{82658689-BF25-429A-97C8-17F665A28A18}.Debug|Any CPU.Build.0 = Debug|Any CPU
		{82658689-BF25-429A-97C8-17F665A28A18}.Release|Any CPU.ActiveCfg = Release|Any CPU
		{82658689-BF25-429A-97C8-17F665A28A18}.Release|Any CPU.Build.0 = Release|Any CPU
	EndGlobalSection
	GlobalSection(SolutionProperties) = preSolution
		HideSolutionNode = FALSE
	EndGlobalSection
	GlobalSection(ExtensibilityGlobals) = postSolution
		SolutionGuid = {22041409-39A3-4F98-91A1-8DF68DDEE06A}
	EndGlobalSection
EndGlobal
